{
  "name": "neuroshade",
  "lockfileVersion": 3,
  "requires": true,
  "packages": {
    "": {
      "dependencies": {
        "@paper-design/shaders-react": "^0.0.72"
      }
    },
    "node_modules/@paper-design/shaders": {
      "version": "0.0.72",
      "resolved": "https://registry.npmjs.org/@paper-design/shaders/-/shaders-0.0.72.tgz",
      "integrity": "sha512-rk2BFuV5ood2DaivbxJC2jQMzaB434isDUzdUQ85Cy0OWnUMuxl8kyGMR74TDPyjo3EvcHIyreNLkJdRG+GfSA==",
      "license": "SEE LICENSE IN https://github.com/paper-design/shaders/blob/main/LICENSE"
    },
    "node_modules/@paper-design/shaders-react": {
      "version": "0.0.72",
      "resolved": "https://registry.npmjs.org/@paper-design/shaders-react/-/shaders-react-0.0.72.tgz",
      "integrity": "sha512-q6KwquL93ZVNcuSM7pqzW0z/VLjnDVb/NSpYyGJBxf7MEHHCXx37E+zw/Px6RZLt3SGCUerIDDCGCMT385oW0w==",
      "license": "SEE LICENSE IN https://github.com/paper-design/shaders/blob/main/LICENSE",
      "dependencies": {
        "@paper-design/shaders": "0.0.72"
      },
      "peerDependencies": {
        "@types/react": "^18 || ^19",
        "react": "^18 || ^19"
      },
      "peerDependenciesMeta": {
        "@types/react": {
          "optional": true
        }
      }
    },
    "node_modules/react": {
      "version": "19.2.4",
      "resolved": "https://registry.npmjs.org/react/-/react-19.2.4.tgz",
      "integrity": "sha512-9nfp2hYpCwOjAN+8TZFGhtWEwgvWHXqESH8qT89AT/lWklpLON22Lc8pEtnpsZz7VmawabSU0gCjnj8aC0euHQ==",
      "license": "MIT",
      "peer": true,
      "engines": {
        "node": ">=0.10.0"
      }
    }
  }
}
